// !$*UTF8*$!
{
	archiveVersion = 1;
	classes = {
	};
	objectVersion = 46;
	objects = {

/* Begin PBXBuildFile section */
		B55698C91DE029CB00D7AA66 /* AppDelegate.swift in Sources */ = {isa = PBXBuildFile; fileRef = B55698C81DE029CB00D7AA66 /* AppDelegate.swift */; };
		B55698CB1DE029CB00D7AA66 /* ViewController.swift in Sources */ = {isa = PBXBuildFile; fileRef = B55698CA1DE029CB00D7AA66 /* ViewController.swift */; };
		B55698CD1DE029CB00D7AA66 /* Assets.xcassets in Resources */ = {isa = PBXBuildFile; fileRef = B55698CC1DE029CB00D7AA66 /* Assets.xcassets */; };
		B55698D01DE029CB00D7AA66 /* Main.storyboard in Resources */ = {isa = PBXBuildFile; fileRef = B55698CE1DE029CB00D7AA66 /* Main.storyboard */; };
		B55698DA1DE029E800D7AA66 /* ObjcClass.m in Sources */ = {isa = PBXBuildFile; fileRef = B55698D91DE029E800D7AA66 /* ObjcClass.m */; };
/* End PBXBuildFile section */

/* Begin PBXFileReference section */
		B55698C51DE029CB00D7AA66 /* MethodInvocation.app */ = {isa = PBXFileReference; explicitFileType = wrapper.application; includeInIndex = 0; path = MethodInvocation.app; sourceTree = BUILT_PRODUCTS_DIR; };
		B55698C81DE029CB00D7AA66 /* AppDelegate.swift */ = {isa = PBXFileReference; lastKnownFileType = sourcecode.swift; path = AppDelegate.swift; sourceTree = "<group>"; };
		B55698CA1DE029CB00D7AA66 /* ViewController.swift */ = {isa = PBXFileReference; lastKnownFileType = sourcecode.swift; path = ViewController.swift; sourceTree = "<group>"; };
		B55698CC1DE029CB00D7AA66 /* Assets.xcassets */ = {isa = PBXFileReference; lastKnownFileType = folder.assetcatalog; path = Assets.xcassets; sourceTree = "<group>"; };
		B55698CF1DE029CB00D7AA66 /* Base */ = {isa = PBXFileReference; lastKnownFileType = file.storyboard; name = Base; path = Base.lproj/Main.storyboard; sourceTree = "<group>"; };
		B55698D11DE029CB00D7AA66 /* Info.plist */ = {isa = PBXFileReference; lastKnownFileType = text.plist.xml; path = Info.plist; sourceTree = "<group>"; };
		B55698D71DE029E800D7AA66 /* MethodInvocation-Bridging-Header.h */ = {isa = PBXFileReference; lastKnownFileType = sourcecode.c.h; path = "MethodInvocation-Bridging-Header.h"; sourceTree = "<group>"; };
		B55698D81DE029E800D7AA66 /* ObjcClass.h */ = {isa = PBXFileReference; fileEncoding = 4; lastKnownFileType = sourcecode.c.h; path = ObjcClass.h; sourceTree = "<group>"; };
		B55698D91DE029E800D7AA66 /* ObjcClass.m */ = {isa = PBXFileReference; fileEncoding = 4; lastKnownFileType = sourcecode.c.objc; path = ObjcClass.m; sourceTree = "<group>"; };
/* End PBXFileReference section */

/* Begin PBXFrameworksBuildPhase section */
		B55698C21DE029CB00D7AA66 /* Frameworks */ = {
			isa = PBXFrameworksBuildPhase;
			buildActionMask = 2147483647;
			files = (
			);
			runOnlyForDeploymentPostprocessing = 0;
		};
/* End PBXFrameworksBuildPhase section */

/* Begin PBXGroup section */
		B55698BC1DE029CB00D7AA66 = {
			isa = PBXGroup;
			children = (
				B55698C71DE029CB00D7AA66 /* MethodInvocation */,
				B55698C61DE029CB00D7AA66 /* Products */,
			);
			sourceTree = "<group>";
		};
		B55698C61DE029CB00D7AA66 /* Products */ = {
			isa = PBXGroup;
			children = (
				B55698C51DE029CB00D7AA66 /* MethodInvocation.app */,
			);
			name = Products;
			sourceTree = "<group>";
		};
		B55698C71DE029CB00D7AA66 /* MethodInvocation */ = {
			isa = PBXGroup;
			children = (
				B55698C81DE029CB00D7AA66 /* AppDelegate.swift */,
				B55698CA1DE029CB00D7AA66 /* ViewController.swift */,
				B55698CC1DE029CB00D7AA66 /* Assets.xcassets */,
				B55698CE1DE029CB00D7AA66 /* Main.storyboard */,
				B55698D11DE029CB00D7AA66 /* Info.plist */,
				B55698D81DE029E800D7AA66 /* ObjcClass.h */,
				B55698D91DE029E800D7AA66 /* ObjcClass.m */,
				B55698D71DE029E800D7AA66 /* MethodInvocation-Bridging-Header.h */,
			);
			path = MethodInvocation;
			sourceTree = "<group>";
		};
/* End PBXGroup section */

/* Begin PBXNativeTarget section */
		B55698C41DE029CB00D7AA66 /* MethodInvocation */ = {
			isa = PBXNativeTarget;
			buildConfigurationList = B55698D41DE029CB00D7AA66 /* Build configuration list for PBXNativeTarget "MethodInvocation" */;
			buildPhases = (
				B55698C11DE029CB00D7AA66 /* Sources */,
				B55698C21DE029CB00D7AA66 /* Frameworks */,
				B55698C31DE029CB00D7AA66 /* Resources */,
			);
			buildRules = (
			);
			dependencies = (
			);
			name = MethodInvocation;
			productName = MethodInvocation;
			productReference = B55698C51DE029CB00D7AA66 /* MethodInvocation.app */;
			productType = "com.apple.product-type.application";
		};
/* End PBXNativeTarget section */

/* Begin PBXProject section */
		B55698BD1DE029CB00D7AA66 /* Project object */ = {
			isa = PBXProject;
			attributes = {
				LastSwiftUpdateCheck = 0810;
				LastUpgradeCheck = 0940;
				ORGANIZATIONNAME = NSSimpleApps;
				TargetAttributes = {
					B55698C41DE029CB00D7AA66 = {
						CreatedOnToolsVersion = 8.1;
						LastSwiftMigration = 1000;
						ProvisioningStyle = Automatic;
					};
				};
			};
			buildConfigurationList = B55698C01DE029CB00D7AA66 /* Build configuration list for PBXProject "MethodInvocation" */;
			compatibilityVersion = "Xcode 3.2";
			developmentRegion = English;
			hasScannedForEncodings = 0;
			knownRegions = (
				en,
				Base,
			);
			mainGroup = B55698BC1DE029CB00D7AA66;
			productRefGroup = B55698C61DE029CB00D7AA66 /* Products */;
			projectDirPath = "";
			projectRoot = "";
			targets = (
				B55698C41DE029CB00D7AA66 /* MethodInvocation */,
			);
		};
/* End PBXProject section */

/* Begin PBXResourcesBuildPhase section */
		B55698C31DE029CB00D7AA66 /* Resources */ = {
			isa = PBXResourcesBuildPhase;
			buildActionMask = 2147483647;
			files = (
				B55698CD1DE029CB00D7AA66 /* Assets.xcassets in Resources */,
				B55698D01DE029CB00D7AA66 /* Main.storyboard in Resources */,
			);
			runOnlyForDeploymentPostprocessing = 0;
		};
/* End PBXResourcesBuildPhase section */

/* Begin PBXSourcesBuildPhase section */
		B55698C11DE029CB00D7AA66 /* Sources */ = {
			isa = PBXSourcesBuildPhase;
			buildActionMask = 2147483647;
			files = (
				B55698CB1DE029CB00D7AA66 /* ViewController.swift in Sources */,
				B55698DA1DE029E800D7AA66 /* ObjcClass.m in Sources */,
				B55698C91DE029CB00D7AA66 /* AppDelegate.swift in Sources */,
			);
			runOnlyForDeploymentPostprocessing = 0;
		};
/* End PBXSourcesBuildPhase section */

/* Begin PBXVariantGroup section */
		B55698CE1DE029CB00D7AA66 /* Main.storyboard */ = {
			isa = PBXVariantGroup;
			children = (
				B55698CF1DE029CB00D7AA66 /* Base */,
			);
			name = Main.storyboard;
			sourceTree = "<group>";
		};
/* End PBXVariantGroup section */

/* Begin XCBuildConfiguration section */
		B55698D21DE029CB00D7AA66 /* Debug */ = {
			isa = XCBuildConfiguration;
			buildSettings = {
				ALWAYS_SEARCH_USER_PATHS = NO;
				CLANG_ANALYZER_NONNULL = YES;
				CLANG_CXX_LANGUAGE_STANDARD = "gnu++0x";
				CLANG_CXX_LIBRARY = "libc++";
				CLANG_ENABLE_MODULES = YES;
				CLANG_ENABLE_OBJC_ARC = YES;
				CLANG_WARN_BLOCK_CAPTURE_AUTORELEASING = YES;
				CLANG_WARN_BOOL_CONVERSION = YES;
				CLANG_WARN_COMMA = YES;
				CLANG_WARN_CONSTANT_CONVERSION = YES;
				CLANG_WARN_DEPRECATED_OBJC_IMPLEMENTATIONS = YES;
				CLANG_WARN_DIRECT_OBJC_ISA_USAGE = YES_ERROR;
				CLANG_WARN_DOCUMENTATION_COMMENTS = YES;
				CLANG_WARN_EMPTY_BODY = YES;
				CLANG_WARN_ENUM_CONVERSION = YES;
				CLANG_WARN_INFINITE_RECURSION = YES;
				CLANG_WARN_INT_CONVERSION = YES;
				CLANG_WARN_NON_LITERAL_NULL_CONVERSION = YES;
				CLANG_WARN_OBJC_IMPLICIT_RETAIN_SELF = YES;
				CLANG_WARN_OBJC_LITERAL_CONVERSION = YES;
				CLANG_WARN_OBJC_ROOT_CLASS = YES_ERROR;
				CLANG_WARN_RANGE_LOOP_ANALYSIS = YES;
				CLANG_WARN_STRICT_PROTOTYPES = YES;
				CLANG_WARN_SUSPICIOUS_MOVE = YES;
				CLANG_WARN_SUSPICIOUS_MOVES = YES;
				CLANG_WARN_UNREACHABLE_CODE = YES;
				CLANG_WARN__DUPLICATE_METHOD_MATCH = YES;
				CODE_SIGN_IDENTITY = "-";
				COPY_PHASE_STRIP = NO;
				DEBUG_INFORMATION_FORMAT = dwarf;
				ENABLE_STRICT_OBJC_MSGSEND = YES;
				ENABLE_TESTABILITY = YES;
				GCC_C_LANGUAGE_STANDARD = gnu99;
				GCC_DYNAMIC_NO_PIC = NO;
				GCC_NO_COMMON_BLOCKS = YES;
				GCC_OPTIMIZATION_LEVEL = 0;
				GCC_PREPROCESSOR_DEFINITIONS = (
					"DEBUG=1",
					"$(inherited)",
				);
				GCC_WARN_64_TO_32_BIT_CONVERSION = YES;
				GCC_WARN_ABOUT_RETURN_TYPE = YES_ERROR;
				GCC_WARN_UNDECLARED_SELECTOR = YES;
				GCC_WARN_UNINITIALIZED_AUTOS = YES_AGGRESSIVE;
				GCC_WARN_UNUSED_FUNCTION = YES;
				GCC_WARN_UNUSED_VARIABLE = YES;
				MACOSX_DEPLOYMENT_TARGET = 10.13;
				MTL_ENABLE_DEBUG_INFO = YES;
				ONLY_ACTIVE_ARCH = YES;
				SDKROOT = macosx;
				SWIFT_ACTIVE_COMPILATION_CONDITIONS = DEBUG;
				SWIFT_OPTIMIZATION_LEVEL = "-Onone";
				SWIFT_VERSION = "";
			};
			name = Debug;
		};
		B55698D31DE029CB00D7AA66 /* Release */ = {
			isa = XCBuildConfiguration;
			buildSettings = {
				ALWAYS_SEARCH_USER_PATHS = NO;
				CLANG_ANALYZER_NONNULL = YES;
				CLANG_CXX_LANGUAGE_STANDARD = "gnu++0x";
				CLANG_CXX_LIBRARY = "libc++";
				CLANG_ENABLE_MODULES = YES;
				CLANG_ENABLE_OBJC_ARC = YES;
				CLANG_WARN_BLOCK_CAPTURE_AUTORELEASING = YES;
				CLANG_WARN_BOOL_CONVERSION = YES;
				CLANG_WARN_COMMA = YES;
				CLANG_WARN_CONSTANT_CONVERSION = YES;
				CLANG_WARN_DEPRECATED_OBJC_IMPLEMENTATIONS = YES;
				CLANG_WARN_DIRECT_OBJC_ISA_USAGE = YES_ERROR;
				CLANG_WARN_DOCUMENTATION_COMMENTS = YES;
				CLANG_WARN_EMPTY_BODY = YES;
				CLANG_WARN_ENUM_CONVERSION = YES;
				CLANG_WARN_INFINITE_RECURSION = YES;
				CLANG_WARN_INT_CONVERSION = YES;
				CLANG_WARN_NON_LITERAL_NULL_CONVERSION = YES;
				CLANG_WARN_OBJC_IMPLICIT_RETAIN_SELF = YES;
				CLANG_WARN_OBJC_LITERAL_CONVERSION = YES;
				CLANG_WARN_OBJC_ROOT_CLASS = YES_ERROR;
				CLANG_WARN_RANGE_LOOP_ANALYSIS = YES;
				CLANG_WARN_STRICT_PROTOTYPES = YES;
				CLANG_WARN_SUSPICIOUS_MOVE = YES;
				CLANG_WARN_SUSPICIOUS_MOVES = YES;
				CLANG_WARN_UNREACHABLE_CODE = YES;
				CLANG_WARN__DUPLICATE_METHOD_MATCH = YES;
				CODE_SIGN_IDENTITY = "-";
				COPY_PHASE_STRIP = NO;
				DEBUG_INFORMATION_FORMAT = "dwarf-with-dsym";
				ENABLE_NS_ASSERTIONS = NO;
				ENABLE_STRICT_OBJC_MSGSEND = YES;
				GCC_C_LANGUAGE_STANDARD = gnu99;
				GCC_NO_COMMON_BLOCKS = YES;
				GCC_WARN_64_TO_32_BIT_CONVERSION = YES;
				GCC_WARN_ABOUT_RETURN_TYPE = YES_ERROR;
				GCC_WARN_UNDECLARED_SELECTOR = YES;
				GCC_WARN_UNINITIALIZED_AUTOS = YES_AGGRESSIVE;
				GCC_WARN_UNUSED_FUNCTION = YES;
				GCC_WARN_UNUSED_VARIABLE = YES;
				MACOSX_DEPLOYMENT_TARGET = 10.13;
				MTL_ENABLE_DEBUG_INFO = NO;
				SDKROOT = macosx;
				SWIFT_OPTIMIZATION_LEVEL = "-Owholemodule";
				SWIFT_VERSION = "";
			};
			name = Release;
		};
		B55698D51DE029CB00D7AA66 /* Debug */ = {
			isa = XCBuildConfiguration;
			buildSettings = {
				ASSETCATALOG_COMPILER_APPICON_NAME = AppIcon;
				CLANG_ENABLE_MODULES = YES;
				COMBINE_HIDPI_IMAGES = YES;
				INFOPLIST_FILE = MethodInvocation/Info.plist;
				LD_RUNPATH_SEARCH_PATHS = "$(inherited) @executable_path/../Frameworks";
				PRODUCT_BUNDLE_IDENTIFIER = NSSimpleApps.MethodInvocation;
				PRODUCT_NAME = "$(TARGET_NAME)";
				SWIFT_OBJC_BRIDGING_HEADER = "MethodInvocation/MethodInvocation-Bridging-Header.h";
				SWIFT_OPTIMIZATION_LEVEL = "-Onone";
				SWIFT_VERSION = 4.2;
			};
			name = Debug;
		};
		B55698D61DE029CB00D7AA66 /* Release */ = {
			isa = XCBuildConfiguration;
			buildSettings = {
				ASSETCATALOG_COMPILER_APPICON_NAME = AppIcon;
				CLANG_ENABLE_MODULES = YES;
				COMBINE_HIDPI_IMAGES = YES;
				INFOPLIST_FILE = MethodInvocation/Info.plist;
				LD_RUNPATH_SEARCH_PATHS = "$(inherited) @executable_path/../Frameworks";
				PRODUCT_BUNDLE_IDENTIFIER = NSSimpleApps.MethodInvocation;
				PRODUCT_NAME = "$(TARGET_NAME)";
				SWIFT_OBJC_BRIDGING_HEADER = "MethodInvocation/MethodInvocation-Bridging-Header.h";
				SWIFT_VERSION = 4.2;
			};
			name = Release;
		};
/* End XCBuildConfiguration section */

/* Begin XCConfigurationList section */
		B55698C01DE029CB00D7AA66 /* Build configuration list for PBXProject "MethodInvocation" */ = {
			isa = XCConfigurationList;
			buildConfigurations = (
				B55698D21DE029CB00D7AA66 /* Debug */,
				B55698D31DE029CB00D7AA66 /* Release */,
			);
			defaultConfigurationIsVisible = 0;
			defaultConfigurationName = Release;
		};
		B55698D41DE029CB00D7AA66 /* Build configuration list for PBXNativeTarget "MethodInvocation" */ = {
			isa = XCConfigurationList;
			buildConfigurations = (
				B55698D51DE029CB00D7AA66 /* Debug */,
				B55698D61DE029CB00D7AA66 /* Release */,
			);
			defaultConfigurationIsVisible = 0;
			defaultConfigurationName = Release;
		};
/* End XCConfigurationList section */
	};
	rootObject = B55698BD1DE029CB00D7AA66 /* Project object */;
}
